// !$*UTF8*$!
{
	archiveVersion = 1;
	classes = {
	};
	objectVersion = 55;
	objects = {

/* Begin PBXBuildFile section */
		7D048B6B27680FB400B56C30 /* CameraOCRApp.swift in Sources */ = {isa = PBXBuildFile; fileRef = 7D048B6A27680FB400B56C30 /* CameraOCRApp.swift */; };
		7D048B6D27680FB400B56C30 /* ContentView.swift in Sources */ = {isa = PBXBuildFile; fileRef = 7D048B6C27680FB400B56C30 /* ContentView.swift */; };
		7D048B6F27680FB500B56C30 /* Assets.xcassets in Resources */ = {isa = PBXBuildFile; fileRef = 7D048B6E27680FB500B56C30 /* Assets.xcassets */; };
		7D048B7227680FB500B56C30 /* Preview Assets.xcassets in Resources */ = {isa = PBXBuildFile; fileRef = 7D048B7127680FB500B56C30 /* Preview Assets.xcassets */; };
		7D048B7C27680FB600B56C30 /* CameraOCRTests.swift in Sources */ = {isa = PBXBuildFile; fileRef = 7D048B7B27680FB600B56C30 /* CameraOCRTests.swift */; };
		7D048B8627680FB600B56C30 /* CameraOCRUITests.swift in Sources */ = {isa = PBXBuildFile; fileRef = 7D048B8527680FB600B56C30 /* CameraOCRUITests.swift */; };
		7D048B8827680FB600B56C30 /* CameraOCRUITestsLaunchTests.swift in Sources */ = {isa = PBXBuildFile; fileRef = 7D048B8727680FB600B56C30 /* CameraOCRUITestsLaunchTests.swift */; };
		7D048B952768103000B56C30 /* ScanData.swift in Sources */ = {isa = PBXBuildFile; fileRef = 7D048B942768103000B56C30 /* ScanData.swift */; };
		7D048B972768104900B56C30 /* ScannerView.swift in Sources */ = {isa = PBXBuildFile; fileRef = 7D048B962768104900B56C30 /* ScannerView.swift */; };
		7D048B992768106500B56C30 /* TextRecognizer.swift in Sources */ = {isa = PBXBuildFile; fileRef = 7D048B982768106500B56C30 /* TextRecognizer.swift */; };
		7D24664C27A48D7D004FA321 /* ToDoListItem.xcdatamodeld in Sources */ = {isa = PBXBuildFile; fileRef = 7D24664A27A48D7D004FA321 /* ToDoListItem.xcdatamodeld */; };
		7D24664E27A48E4B004FA321 /* ToDoListItem.swift in Sources */ = {isa = PBXBuildFile; fileRef = 7D24664D27A48E4B004FA321 /* ToDoListItem.swift */; };
		7D2466CE27A4A8D2004FA321 /* Persistence.swift in Sources */ = {isa = PBXBuildFile; fileRef = 7D2466CD27A4A8D2004FA321 /* Persistence.swift */; };
		7D2466EF27A4B43A004FA321 /* CreateNotificationsView.swift in Sources */ = {isa = PBXBuildFile; fileRef = 7D2466EE27A4B43A004FA321 /* CreateNotificationsView.swift */; };
		7D3922CE27A62DF600A9E7C9 /* EmailViewSmall.swift in Sources */ = {isa = PBXBuildFile; fileRef = 7D3922CD27A62DF600A9E7C9 /* EmailViewSmall.swift */; };
		7D3922D027A62EB900A9E7C9 /* EmailViewExpand.swift in Sources */ = {isa = PBXBuildFile; fileRef = 7D3922CF27A62EB900A9E7C9 /* EmailViewExpand.swift */; };
		7D3922D227A6518900A9E7C9 /* LaunchScreenView.swift in Sources */ = {isa = PBXBuildFile; fileRef = 7D3922D127A6518900A9E7C9 /* LaunchScreenView.swift */; };
		7D3922D427A6523600A9E7C9 /* Mainview.swift in Sources */ = {isa = PBXBuildFile; fileRef = 7D3922D327A6523600A9E7C9 /* Mainview.swift */; };
		7D61823927A1A73D00C390D2 /* File.swift in Sources */ = {isa = PBXBuildFile; fileRef = 7D61823827A1A73D00C390D2 /* File.swift */; };
		7D647BA42790EF8D00C96891 /* Email.swift in Sources */ = {isa = PBXBuildFile; fileRef = 7D647BA32790EF8D00C96891 /* Email.swift */; };
		7D8315FB27A08C630000C6B0 /* TextToSpeech.swift in Sources */ = {isa = PBXBuildFile; fileRef = 7D8315FA27A08C630000C6B0 /* TextToSpeech.swift */; };
		7D8315FE27A0C2400000C6B0 /* MediaPlayer.framework in Frameworks */ = {isa = PBXBuildFile; fileRef = 7D8315FD27A0C2400000C6B0 /* MediaPlayer.framework */; };
		7D83160727A0E8B10000C6B0 /* TutorialVideoView.swift in Sources */ = {isa = PBXBuildFile; fileRef = 7D83160627A0E8B10000C6B0 /* TutorialVideoView.swift */; };
		7D83161027A0F6410000C6B0 /* HelpView.swift in Sources */ = {isa = PBXBuildFile; fileRef = 7D83160F27A0F6410000C6B0 /* HelpView.swift */; };
		7D8D04CA27C354DF001E1578 /* VideoTutorial.mp4 in Resources */ = {isa = PBXBuildFile; fileRef = 7D8D04C927C354DF001E1578 /* VideoTutorial.mp4 */; };
		7DA06AB52795062400557C82 /* Sentiment.swift in Sources */ = {isa = PBXBuildFile; fileRef = 7DA06AB42795062400557C82 /* Sentiment.swift */; };
		7DABEE0B27A614E800730F90 /* MatchedGeo.swift in Sources */ = {isa = PBXBuildFile; fileRef = 7DABEE0A27A614E800730F90 /* MatchedGeo.swift */; };
		7DCC502B27A392040069BABF /* Tab_View.swift in Sources */ = {isa = PBXBuildFile; fileRef = 7DCC502A27A392040069BABF /* Tab_View.swift */; };
		7DCC502D27A394D10069BABF /* ToDoView.swift in Sources */ = {isa = PBXBuildFile; fileRef = 7DCC502C27A394D10069BABF /* ToDoView.swift */; };
/* End PBXBuildFile section */

/* Begin PBXContainerItemProxy section */
		7D048B7827680FB600B56C30 /* PBXContainerItemProxy */ = {
			isa = PBXContainerItemProxy;
			containerPortal = 7D048B5F27680FB400B56C30 /* Project object */;
			proxyType = 1;
			remoteGlobalIDString = 7D048B6627680FB400B56C30;
			remoteInfo = CameraOCR;
		};
		7D048B8227680FB600B56C30 /* PBXContainerItemProxy */ = {
			isa = PBXContainerItemProxy;
			containerPortal = 7D048B5F27680FB400B56C30 /* Project object */;
			proxyType = 1;
			remoteGlobalIDString = 7D048B6627680FB400B56C30;
			remoteInfo = CameraOCR;
		};
/* End PBXContainerItemProxy section */

/* Begin PBXFileReference section */
		7D048B6727680FB400B56C30 /* CameraOCR.app */ = {isa = PBXFileReference; explicitFileType = wrapper.application; includeInIndex = 0; path = CameraOCR.app; sourceTree = BUILT_PRODUCTS_DIR; };
		7D048B6A27680FB400B56C30 /* CameraOCRApp.swift */ = {isa = PBXFileReference; lastKnownFileType = sourcecode.swift; path = CameraOCRApp.swift; sourceTree = "<group>"; };
		7D048B6C27680FB400B56C30 /* ContentView.swift */ = {isa = PBXFileReference; lastKnownFileType = sourcecode.swift; path = ContentView.swift; sourceTree = "<group>"; };
		7D048B6E27680FB500B56C30 /* Assets.xcassets */ = {isa = PBXFileReference; lastKnownFileType = folder.assetcatalog; path = Assets.xcassets; sourceTree = "<group>"; };
		7D048B7127680FB500B56C30 /* Preview Assets.xcassets */ = {isa = PBXFileReference; lastKnownFileType = folder.assetcatalog; path = "Preview Assets.xcassets"; sourceTree = "<group>"; };
		7D048B7727680FB600B56C30 /* CameraOCRTests.xctest */ = {isa = PBXFileReference; explicitFileType = wrapper.cfbundle; includeInIndex = 0; path = CameraOCRTests.xctest; sourceTree = BUILT_PRODUCTS_DIR; };
		7D048B7B27680FB600B56C30 /* CameraOCRTests.swift */ = {isa = PBXFileReference; lastKnownFileType = sourcecode.swift; path = CameraOCRTests.swift; sourceTree = "<group>"; };
		7D048B8127680FB600B56C30 /* CameraOCRUITests.xctest */ = {isa = PBXFileReference; explicitFileType = wrapper.cfbundle; includeInIndex = 0; path = CameraOCRUITests.xctest; sourceTree = BUILT_PRODUCTS_DIR; };
		7D048B8527680FB600B56C30 /* CameraOCRUITests.swift */ = {isa = PBXFileReference; lastKnownFileType = sourcecode.swift; path = CameraOCRUITests.swift; sourceTree = "<group>"; };
		7D048B8727680FB600B56C30 /* CameraOCRUITestsLaunchTests.swift */ = {isa = PBXFileReference; lastKnownFileType = sourcecode.swift; path = CameraOCRUITestsLaunchTests.swift; sourceTree = "<group>"; };
		7D048B942768103000B56C30 /* ScanData.swift */ = {isa = PBXFileReference; lastKnownFileType = sourcecode.swift; path = ScanData.swift; sourceTree = "<group>"; };
		7D048B962768104900B56C30 /* ScannerView.swift */ = {isa = PBXFileReference; lastKnownFileType = sourcecode.swift; path = ScannerView.swift; sourceTree = "<group>"; };
		7D048B982768106500B56C30 /* TextRecognizer.swift */ = {isa = PBXFileReference; lastKnownFileType = sourcecode.swift; path = TextRecognizer.swift; sourceTree = "<group>"; };
		7D24664B27A48D7D004FA321 /* ToDoList.xcdatamodel */ = {isa = PBXFileReference; lastKnownFileType = wrapper.xcdatamodel; path = ToDoList.xcdatamodel; sourceTree = "<group>"; };
		7D24664D27A48E4B004FA321 /* ToDoListItem.swift */ = {isa = PBXFileReference; lastKnownFileType = sourcecode.swift; path = ToDoListItem.swift; sourceTree = "<group>"; };
		7D2466CD27A4A8D2004FA321 /* Persistence.swift */ = {isa = PBXFileReference; lastKnownFileType = sourcecode.swift; path = Persistence.swift; sourceTree = "<group>"; };
		7D2466EE27A4B43A004FA321 /* CreateNotificationsView.swift */ = {isa = PBXFileReference; lastKnownFileType = sourcecode.swift; path = CreateNotificationsView.swift; sourceTree = "<group>"; };
		7D3922CD27A62DF600A9E7C9 /* EmailViewSmall.swift */ = {isa = PBXFileReference; lastKnownFileType = sourcecode.swift; path = EmailViewSmall.swift; sourceTree = "<group>"; };
		7D3922CF27A62EB900A9E7C9 /* EmailViewExpand.swift */ = {isa = PBXFileReference; lastKnownFileType = sourcecode.swift; path = EmailViewExpand.swift; sourceTree = "<group>"; };
		7D3922D127A6518900A9E7C9 /* LaunchScreenView.swift */ = {isa = PBXFileReference; lastKnownFileType = sourcecode.swift; path = LaunchScreenView.swift; sourceTree = "<group>"; };
		7D3922D327A6523600A9E7C9 /* Mainview.swift */ = {isa = PBXFileReference; lastKnownFileType = sourcecode.swift; path = Mainview.swift; sourceTree = "<group>"; };
		7D61823827A1A73D00C390D2 /* File.swift */ = {isa = PBXFileReference; lastKnownFileType = sourcecode.swift; path = File.swift; sourceTree = "<group>"; };
		7D647BA32790EF8D00C96891 /* Email.swift */ = {isa = PBXFileReference; lastKnownFileType = sourcecode.swift; path = Email.swift; sourceTree = "<group>"; };
		7D8315FA27A08C630000C6B0 /* TextToSpeech.swift */ = {isa = PBXFileReference; lastKnownFileType = sourcecode.swift; path = TextToSpeech.swift; sourceTree = "<group>"; };
		7D8315FD27A0C2400000C6B0 /* MediaPlayer.framework */ = {isa = PBXFileReference; lastKnownFileType = wrapper.framework; name = MediaPlayer.framework; path = System/Library/Frameworks/MediaPlayer.framework; sourceTree = SDKROOT; };
		7D83160627A0E8B10000C6B0 /* TutorialVideoView.swift */ = {isa = PBXFileReference; lastKnownFileType = sourcecode.swift; path = TutorialVideoView.swift; sourceTree = "<group>"; };
		7D83160F27A0F6410000C6B0 /* HelpView.swift */ = {isa = PBXFileReference; lastKnownFileType = sourcecode.swift; path = HelpView.swift; sourceTree = "<group>"; };
		7D8D04C927C354DF001E1578 /* VideoTutorial.mp4 */ = {isa = PBXFileReference; lastKnownFileType = file; name = VideoTutorial.mp4; path = CameraOCR/VideoTutorial.mp4; sourceTree = "<group>"; };
		7DA06AB42795062400557C82 /* Sentiment.swift */ = {isa = PBXFileReference; lastKnownFileType = sourcecode.swift; path = Sentiment.swift; sourceTree = "<group>"; };
		7DABEE0A27A614E800730F90 /* MatchedGeo.swift */ = {isa = PBXFileReference; lastKnownFileType = sourcecode.swift; path = MatchedGeo.swift; sourceTree = "<group>"; };
		7DCC502A27A392040069BABF /* Tab_View.swift */ = {isa = PBXFileReference; lastKnownFileType = sourcecode.swift; path = Tab_View.swift; sourceTree = "<group>"; };
		7DCC502C27A394D10069BABF /* ToDoView.swift */ = {isa = PBXFileReference; lastKnownFileType = sourcecode.swift; path = ToDoView.swift; sourceTree = "<group>"; };
/* End PBXFileReference section */

/* Begin PBXFrameworksBuildPhase section */
		7D048B6427680FB400B56C30 /* Frameworks */ = {
			isa = PBXFrameworksBuildPhase;
			buildActionMask = 2147483647;
			files = (
				7D8315FE27A0C2400000C6B0 /* MediaPlayer.framework in Frameworks */,
			);
			runOnlyForDeploymentPostprocessing = 0;
		};
		7D048B7427680FB600B56C30 /* Frameworks */ = {
			isa = PBXFrameworksBuildPhase;
			buildActionMask = 2147483647;
			files = (
			);
			runOnlyForDeploymentPostprocessing = 0;
		};
		7D048B7E27680FB600B56C30 /* Frameworks */ = {
			isa = PBXFrameworksBuildPhase;
			buildActionMask = 2147483647;
			files = (
			);
			runOnlyForDeploymentPostprocessing = 0;
		};
/* End PBXFrameworksBuildPhase section */

/* Begin PBXGroup section */
		7D048B5E27680FB400B56C30 = {
			isa = PBXGroup;
			children = (
				7D8D04C927C354DF001E1578 /* VideoTutorial.mp4 */,
				7D048B6927680FB400B56C30 /* CameraOCR */,
				7D048B7A27680FB600B56C30 /* CameraOCRTests */,
				7D048B8427680FB600B56C30 /* CameraOCRUITests */,
				7D048B6827680FB400B56C30 /* Products */,
				7D8315FC27A0C2400000C6B0 /* Frameworks */,
			);
			sourceTree = "<group>";
		};
		7D048B6827680FB400B56C30 /* Products */ = {
			isa = PBXGroup;
			children = (
				7D048B6727680FB400B56C30 /* CameraOCR.app */,
				7D048B7727680FB600B56C30 /* CameraOCRTests.xctest */,
				7D048B8127680FB600B56C30 /* CameraOCRUITests.xctest */,
			);
			name = Products;
			sourceTree = "<group>";
		};
		7D048B6927680FB400B56C30 /* CameraOCR */ = {
			isa = PBXGroup;
			children = (
				7D048B6A27680FB400B56C30 /* CameraOCRApp.swift */,
				7D2466C727A4A41E004FA321 /* CoreData */,
				7D2466C627A4A40C004FA321 /* API */,
				7D2466C527A4A3C6004FA321 /* Algorithms */,
				7D2466C427A4A391004FA321 /* ViewModel */,
				7D048B6E27680FB500B56C30 /* Assets.xcassets */,
				7D048B7027680FB500B56C30 /* Preview Content */,
			);
			path = CameraOCR;
			sourceTree = "<group>";
		};
		7D048B7027680FB500B56C30 /* Preview Content */ = {
			isa = PBXGroup;
			children = (
				7D048B7127680FB500B56C30 /* Preview Assets.xcassets */,
			);
			path = "Preview Content";
			sourceTree = "<group>";
		};
		7D048B7A27680FB600B56C30 /* CameraOCRTests */ = {
			isa = PBXGroup;
			children = (
				7D048B7B27680FB600B56C30 /* CameraOCRTests.swift */,
			);
			path = CameraOCRTests;
			sourceTree = "<group>";
		};
		7D048B8427680FB600B56C30 /* CameraOCRUITests */ = {
			isa = PBXGroup;
			children = (
				7D048B8527680FB600B56C30 /* CameraOCRUITests.swift */,
				7D048B8727680FB600B56C30 /* CameraOCRUITestsLaunchTests.swift */,
			);
			path = CameraOCRUITests;
			sourceTree = "<group>";
		};
		7D2466C427A4A391004FA321 /* ViewModel */ = {
			isa = PBXGroup;
			children = (
				7D3922D127A6518900A9E7C9 /* LaunchScreenView.swift */,
				7D3922D327A6523600A9E7C9 /* Mainview.swift */,
				7D2466CD27A4A8D2004FA321 /* Persistence.swift */,
				7DCC502C27A394D10069BABF /* ToDoView.swift */,
				7D2466EE27A4B43A004FA321 /* CreateNotificationsView.swift */,
				7D83160F27A0F6410000C6B0 /* HelpView.swift */,
				7D83160627A0E8B10000C6B0 /* TutorialVideoView.swift */,
				7D048B962768104900B56C30 /* ScannerView.swift */,
				7D048B6C27680FB400B56C30 /* ContentView.swift */,
				7DCC502A27A392040069BABF /* Tab_View.swift */,
				7DABEE0A27A614E800730F90 /* MatchedGeo.swift */,
				7D3922CD27A62DF600A9E7C9 /* EmailViewSmall.swift */,
				7D3922CF27A62EB900A9E7C9 /* EmailViewExpand.swift */,
			);
			path = ViewModel;
			sourceTree = "<group>";
		};
		7D2466C527A4A3C6004FA321 /* Algorithms */ = {
			isa = PBXGroup;
			children = (
				7DA06AB42795062400557C82 /* Sentiment.swift */,
				7D8315FA27A08C630000C6B0 /* TextToSpeech.swift */,
				7D647BA32790EF8D00C96891 /* Email.swift */,
				7D048B982768106500B56C30 /* TextRecognizer.swift */,
				7D048B942768103000B56C30 /* ScanData.swift */,
			);
			path = Algorithms;
			sourceTree = "<group>";
		};
		7D2466C627A4A40C004FA321 /* API */ = {
			isa = PBXGroup;
			children = (
				7D61823827A1A73D00C390D2 /* File.swift */,
			);
			path = API;
			sourceTree = "<group>";
		};
		7D2466C727A4A41E004FA321 /* CoreData */ = {
			isa = PBXGroup;
			children = (
				7D24664A27A48D7D004FA321 /* ToDoListItem.xcdatamodeld */,
				7D24664D27A48E4B004FA321 /* ToDoListItem.swift */,
			);
			path = CoreData;
			sourceTree = "<group>";
		};
		7D8315FC27A0C2400000C6B0 /* Frameworks */ = {
			isa = PBXGroup;
			children = (
				7D8315FD27A0C2400000C6B0 /* MediaPlayer.framework */,
			);
			name = Frameworks;
			sourceTree = "<group>";
		};
/* End PBXGroup section */

/* Begin PBXNativeTarget section */
		7D048B6627680FB400B56C30 /* CameraOCR */ = {
			isa = PBXNativeTarget;
			buildConfigurationList = 7D048B8B27680FB600B56C30 /* Build configuration list for PBXNativeTarget "CameraOCR" */;
			buildPhases = (
				7D048B6327680FB400B56C30 /* Sources */,
				7D048B6427680FB400B56C30 /* Frameworks */,
				7D048B6527680FB400B56C30 /* Resources */,
			);
			buildRules = (
			);
			dependencies = (
			);
			name = CameraOCR;
			productName = CameraOCR;
			productReference = 7D048B6727680FB400B56C30 /* CameraOCR.app */;
			productType = "com.apple.product-type.application";
		};
		7D048B7627680FB600B56C30 /* CameraOCRTests */ = {
			isa = PBXNativeTarget;
			buildConfigurationList = 7D048B8E27680FB600B56C30 /* Build configuration list for PBXNativeTarget "CameraOCRTests" */;
			buildPhases = (
				7D048B7327680FB600B56C30 /* Sources */,
				7D048B7427680FB600B56C30 /* Frameworks */,
				7D048B7527680FB600B56C30 /* Resources */,
			);
			buildRules = (
			);
			dependencies = (
				7D048B7927680FB600B56C30 /* PBXTargetDependency */,
			);
			name = CameraOCRTests;
			productName = CameraOCRTests;
			productReference = 7D048B7727680FB600B56C30 /* CameraOCRTests.xctest */;
			productType = "com.apple.product-type.bundle.unit-test";
		};
		7D048B8027680FB600B56C30 /* CameraOCRUITests */ = {
			isa = PBXNativeTarget;
			buildConfigurationList = 7D048B9127680FB600B56C30 /* Build configuration list for PBXNativeTarget "CameraOCRUITests" */;
			buildPhases = (
				7D048B7D27680FB600B56C30 /* Sources */,
				7D048B7E27680FB600B56C30 /* Frameworks */,
				7D048B7F27680FB600B56C30 /* Resources */,
			);
			buildRules = (
			);
			dependencies = (
				7D048B8327680FB600B56C30 /* PBXTargetDependency */,
			);
			name = CameraOCRUITests;
			productName = CameraOCRUITests;
			productReference = 7D048B8127680FB600B56C30 /* CameraOCRUITests.xctest */;
			productType = "com.apple.product-type.bundle.ui-testing";
		};
/* End PBXNativeTarget section */

/* Begin PBXProject section */
		7D048B5F27680FB400B56C30 /* Project object */ = {
			isa = PBXProject;
			attributes = {
				BuildIndependentTargetsInParallel = 1;
				LastSwiftUpdateCheck = 1320;
				LastUpgradeCheck = 1320;
				TargetAttributes = {
					7D048B6627680FB400B56C30 = {
						CreatedOnToolsVersion = 13.2;
					};
					7D048B7627680FB600B56C30 = {
						CreatedOnToolsVersion = 13.2;
						TestTargetID = 7D048B6627680FB400B56C30;
					};
					7D048B8027680FB600B56C30 = {
						CreatedOnToolsVersion = 13.2;
						TestTargetID = 7D048B6627680FB400B56C30;
					};
				};
			};
			buildConfigurationList = 7D048B6227680FB400B56C30 /* Build configuration list for PBXProject "CameraOCR" */;
			compatibilityVersion = "Xcode 13.0";
			developmentRegion = en;
			hasScannedForEncodings = 0;
			knownRegions = (
				en,
				Base,
			);
			mainGroup = 7D048B5E27680FB400B56C30;
			productRefGroup = 7D048B6827680FB400B56C30 /* Products */;
			projectDirPath = "";
			projectRoot = "";
			targets = (
				7D048B6627680FB400B56C30 /* CameraOCR */,
				7D048B7627680FB600B56C30 /* CameraOCRTests */,
				7D048B8027680FB600B56C30 /* CameraOCRUITests */,
			);
		};
/* End PBXProject section */

/* Begin PBXResourcesBuildPhase section */
		7D048B6527680FB400B56C30 /* Resources */ = {
			isa = PBXResourcesBuildPhase;
			buildActionMask = 2147483647;
			files = (
				7D048B7227680FB500B56C30 /* Preview Assets.xcassets in Resources */,
				7D048B6F27680FB500B56C30 /* Assets.xcassets in Resources */,
				7D8D04CA27C354DF001E1578 /* VideoTutorial.mp4 in Resources */,
			);
			runOnlyForDeploymentPostprocessing = 0;
		};
		7D048B7527680FB600B56C30 /* Resources */ = {
			isa = PBXResourcesBuildPhase;
			buildActionMask = 2147483647;
			files = (
			);
			runOnlyForDeploymentPostprocessing = 0;
		};
		7D048B7F27680FB600B56C30 /* Resources */ = {
			isa = PBXResourcesBuildPhase;
			buildActionMask = 2147483647;
			files = (
			);
			runOnlyForDeploymentPostprocessing = 0;
		};
/* End PBXResourcesBuildPhase section */

/* Begin PBXSourcesBuildPhase section */
		7D048B6327680FB400B56C30 /* Sources */ = {
			isa = PBXSourcesBuildPhase;
			buildActionMask = 2147483647;
			files = (
				7DABEE0B27A614E800730F90 /* MatchedGeo.swift in Sources */,
				7D048B6D27680FB400B56C30 /* ContentView.swift in Sources */,
				7D61823927A1A73D00C390D2 /* File.swift in Sources */,
				7D048B972768104900B56C30 /* ScannerView.swift in Sources */,
				7D83160727A0E8B10000C6B0 /* TutorialVideoView.swift in Sources */,
				7D3922D027A62EB900A9E7C9 /* EmailViewExpand.swift in Sources */,
				7D647BA42790EF8D00C96891 /* Email.swift in Sources */,
				7D3922CE27A62DF600A9E7C9 /* EmailViewSmall.swift in Sources */,
				7D048B992768106500B56C30 /* TextRecognizer.swift in Sources */,
				7D24664E27A48E4B004FA321 /* ToDoListItem.swift in Sources */,
				7D2466CE27A4A8D2004FA321 /* Persistence.swift in Sources */,
				7D83161027A0F6410000C6B0 /* HelpView.swift in Sources */,
				7D2466EF27A4B43A004FA321 /* CreateNotificationsView.swift in Sources */,
				7D048B6B27680FB400B56C30 /* CameraOCRApp.swift in Sources */,
				7DCC502D27A394D10069BABF /* ToDoView.swift in Sources */,
				7D3922D227A6518900A9E7C9 /* LaunchScreenView.swift in Sources */,
				7DCC502B27A392040069BABF /* Tab_View.swift in Sources */,
				7D24664C27A48D7D004FA321 /* ToDoListItem.xcdatamodeld in Sources */,
				7D8315FB27A08C630000C6B0 /* TextToSpeech.swift in Sources */,
				7DA06AB52795062400557C82 /* Sentiment.swift in Sources */,
				7D3922D427A6523600A9E7C9 /* Mainview.swift in Sources */,
				7D048B952768103000B56C30 /* ScanData.swift in Sources */,
			);
			runOnlyForDeploymentPostprocessing = 0;
		};
		7D048B7327680FB600B56C30 /* Sources */ = {
			isa = PBXSourcesBuildPhase;
			buildActionMask = 2147483647;
			files = (
				7D048B7C27680FB600B56C30 /* CameraOCRTests.swift in Sources */,
			);
			runOnlyForDeploymentPostprocessing = 0;
		};
		7D048B7D27680FB600B56C30 /* Sources */ = {
			isa = PBXSourcesBuildPhase;
			buildActionMask = 2147483647;
			files = (
				7D048B8827680FB600B56C30 /* CameraOCRUITestsLaunchTests.swift in Sources */,
				7D048B8627680FB600B56C30 /* CameraOCRUITests.swift in Sources */,
			);
			runOnlyForDeploymentPostprocessing = 0;
		};
/* End PBXSourcesBuildPhase section */

/* Begin PBXTargetDependency section */
		7D048B7927680FB600B56C30 /* PBXTargetDependency */ = {
			isa = PBXTargetDependency;
			target = 7D048B6627680FB400B56C30 /* CameraOCR */;
			targetProxy = 7D048B7827680FB600B56C30 /* PBXContainerItemProxy */;
		};
		7D048B8327680FB600B56C30 /* PBXTargetDependency */ = {
			isa = PBXTargetDependency;
			target = 7D048B6627680FB400B56C30 /* CameraOCR */;
			targetProxy = 7D048B8227680FB600B56C30 /* PBXContainerItemProxy */;
		};
/* End PBXTargetDependency section */

/* Begin XCBuildConfiguration section */
		7D048B8927680FB600B56C30 /* Debug */ = {
			isa = XCBuildConfiguration;
			buildSettings = {
				ALWAYS_SEARCH_USER_PATHS = NO;
				CLANG_ANALYZER_NONNULL = YES;
				CLANG_ANALYZER_NUMBER_OBJECT_CONVERSION = YES_AGGRESSIVE;
				CLANG_CXX_LANGUAGE_STANDARD = "gnu++17";
				CLANG_CXX_LIBRARY = "libc++";
				CLANG_ENABLE_MODULES = YES;
				CLANG_ENABLE_OBJC_ARC = YES;
				CLANG_ENABLE_OBJC_WEAK = YES;
				CLANG_WARN_BLOCK_CAPTURE_AUTORELEASING = YES;
				CLANG_WARN_BOOL_CONVERSION = YES;
				CLANG_WARN_COMMA = YES;
				CLANG_WARN_CONSTANT_CONVERSION = YES;
				CLANG_WARN_DEPRECATED_OBJC_IMPLEMENTATIONS = YES;
				CLANG_WARN_DIRECT_OBJC_ISA_USAGE = YES_ERROR;
				CLANG_WARN_DOCUMENTATION_COMMENTS = YES;
				CLANG_WARN_EMPTY_BODY = YES;
				CLANG_WARN_ENUM_CONVERSION = YES;
				CLANG_WARN_INFINITE_RECURSION = YES;
				CLANG_WARN_INT_CONVERSION = YES;
				CLANG_WARN_NON_LITERAL_NULL_CONVERSION = YES;
				CLANG_WARN_OBJC_IMPLICIT_RETAIN_SELF = YES;
				CLANG_WARN_OBJC_LITERAL_CONVERSION = YES;
				CLANG_WARN_OBJC_ROOT_CLASS = YES_ERROR;
				CLANG_WARN_QUOTED_INCLUDE_IN_FRAMEWORK_HEADER = YES;
				CLANG_WARN_RANGE_LOOP_ANALYSIS = YES;
				CLANG_WARN_STRICT_PROTOTYPES = YES;
				CLANG_WARN_SUSPICIOUS_MOVE = YES;
				CLANG_WARN_UNGUARDED_AVAILABILITY = YES_AGGRESSIVE;
				CLANG_WARN_UNREACHABLE_CODE = YES;
				CLANG_WARN__DUPLICATE_METHOD_MATCH = YES;
				COPY_PHASE_STRIP = NO;
				DEBUG_INFORMATION_FORMAT = dwarf;
				ENABLE_STRICT_OBJC_MSGSEND = YES;
				ENABLE_TESTABILITY = YES;
				GCC_C_LANGUAGE_STANDARD = gnu11;
				GCC_DYNAMIC_NO_PIC = NO;
				GCC_NO_COMMON_BLOCKS = YES;
				GCC_OPTIMIZATION_LEVEL = 0;
				GCC_PREPROCESSOR_DEFINITIONS = (
					"DEBUG=1",
					"$(inherited)",
				);
				GCC_WARN_64_TO_32_BIT_CONVERSION = YES;
				GCC_WARN_ABOUT_RETURN_TYPE = YES_ERROR;
				GCC_WARN_UNDECLARED_SELECTOR = YES;
				GCC_WARN_UNINITIALIZED_AUTOS = YES_AGGRESSIVE;
				GCC_WARN_UNUSED_FUNCTION = YES;
				GCC_WARN_UNUSED_VARIABLE = YES;
				IPHONEOS_DEPLOYMENT_TARGET = 15.2;
				MTL_ENABLE_DEBUG_INFO = INCLUDE_SOURCE;
				MTL_FAST_MATH = YES;
				ONLY_ACTIVE_ARCH = YES;
				SDKROOT = iphoneos;
				SWIFT_ACTIVE_COMPILATION_CONDITIONS = DEBUG;
				SWIFT_OPTIMIZATION_LEVEL = "-Onone";
			};
			name = Debug;
		};
		7D048B8A27680FB600B56C30 /* Release */ = {
			isa = XCBuildConfiguration;
			buildSettings = {
				ALWAYS_SEARCH_USER_PATHS = NO;
				CLANG_ANALYZER_NONNULL = YES;
				CLANG_ANALYZER_NUMBER_OBJECT_CONVERSION = YES_AGGRESSIVE;
				CLANG_CXX_LANGUAGE_STANDARD = "gnu++17";
				CLANG_CXX_LIBRARY = "libc++";
				CLANG_ENABLE_MODULES = YES;
				CLANG_ENABLE_OBJC_ARC = YES;
				CLANG_ENABLE_OBJC_WEAK = YES;
				CLANG_WARN_BLOCK_CAPTURE_AUTORELEASING = YES;
				CLANG_WARN_BOOL_CONVERSION = YES;
				CLANG_WARN_COMMA = YES;
				CLANG_WARN_CONSTANT_CONVERSION = YES;
				CLANG_WARN_DEPRECATED_OBJC_IMPLEMENTATIONS = YES;
				CLANG_WARN_DIRECT_OBJC_ISA_USAGE = YES_ERROR;
				CLANG_WARN_DOCUMENTATION_COMMENTS = YES;
				CLANG_WARN_EMPTY_BODY = YES;
				CLANG_WARN_ENUM_CONVERSION = YES;
				CLANG_WARN_INFINITE_RECURSION = YES;
				CLANG_WARN_INT_CONVERSION = YES;
				CLANG_WARN_NON_LITERAL_NULL_CONVERSION = YES;
				CLANG_WARN_OBJC_IMPLICIT_RETAIN_SELF = YES;
				CLANG_WARN_OBJC_LITERAL_CONVERSION = YES;
				CLANG_WARN_OBJC_ROOT_CLASS = YES_ERROR;
				CLANG_WARN_QUOTED_INCLUDE_IN_FRAMEWORK_HEADER = YES;
				CLANG_WARN_RANGE_LOOP_ANALYSIS = YES;
				CLANG_WARN_STRICT_PROTOTYPES = YES;
				CLANG_WARN_SUSPICIOUS_MOVE = YES;
				CLANG_WARN_UNGUARDED_AVAILABILITY = YES_AGGRESSIVE;
				CLANG_WARN_UNREACHABLE_CODE = YES;
				CLANG_WARN__DUPLICATE_METHOD_MATCH = YES;
				COPY_PHASE_STRIP = NO;
				DEBUG_INFORMATION_FORMAT = "dwarf-with-dsym";
				ENABLE_NS_ASSERTIONS = NO;
				ENABLE_STRICT_OBJC_MSGSEND = YES;
				GCC_C_LANGUAGE_STANDARD = gnu11;
				GCC_NO_COMMON_BLOCKS = YES;
				GCC_WARN_64_TO_32_BIT_CONVERSION = YES;
				GCC_WARN_ABOUT_RETURN_TYPE = YES_ERROR;
				GCC_WARN_UNDECLARED_SELECTOR = YES;
				GCC_WARN_UNINITIALIZED_AUTOS = YES_AGGRESSIVE;
				GCC_WARN_UNUSED_FUNCTION = YES;
				GCC_WARN_UNUSED_VARIABLE = YES;
				IPHONEOS_DEPLOYMENT_TARGET = 15.2;
				MTL_ENABLE_DEBUG_INFO = NO;
				MTL_FAST_MATH = YES;
				SDKROOT = iphoneos;
				SWIFT_COMPILATION_MODE = wholemodule;
				SWIFT_OPTIMIZATION_LEVEL = "-O";
				VALIDATE_PRODUCT = YES;
			};
			name = Release;
		};
		7D048B8C27680FB600B56C30 /* Debug */ = {
			isa = XCBuildConfiguration;
			buildSettings = {
				ASSETCATALOG_COMPILER_APPICON_NAME = AppIcon;
				ASSETCATALOG_COMPILER_GLOBAL_ACCENT_COLOR_NAME = AccentColor;
				CODE_SIGN_STYLE = Automatic;
				CURRENT_PROJECT_VERSION = 1;
				DEVELOPMENT_ASSET_PATHS = "\"CameraOCR/Preview Content\"";
				DEVELOPMENT_TEAM = Z59D7QF3XC;
				ENABLE_PREVIEWS = YES;
				GENERATE_INFOPLIST_FILE = YES;
				INFOPLIST_KEY_UIApplicationSceneManifest_Generation = YES;
				INFOPLIST_KEY_UIApplicationSupportsIndirectInputEvents = YES;
				INFOPLIST_KEY_UILaunchScreen_Generation = YES;
				INFOPLIST_KEY_UISupportedInterfaceOrientations_iPad = "UIInterfaceOrientationPortrait UIInterfaceOrientationPortraitUpsideDown UIInterfaceOrientationLandscapeLeft UIInterfaceOrientationLandscapeRight";
				INFOPLIST_KEY_UISupportedInterfaceOrientations_iPhone = "UIInterfaceOrientationPortrait UIInterfaceOrientationLandscapeLeft UIInterfaceOrientationLandscapeRight";
				LD_RUNPATH_SEARCH_PATHS = (
					"$(inherited)",
					"@executable_path/Frameworks",
				);
				MARKETING_VERSION = 1.0;
				PRODUCT_BUNDLE_IDENTIFIER = Zisis.CameraOCR;
				PRODUCT_NAME = "$(TARGET_NAME)";
				SWIFT_EMIT_LOC_STRINGS = YES;
				SWIFT_VERSION = 5.0;
				TARGETED_DEVICE_FAMILY = "1,2";
			};
			name = Debug;
		};
		7D048B8D27680FB600B56C30 /* Release */ = {
			isa = XCBuildConfiguration;
			buildSettings = {
				ASSETCATALOG_COMPILER_APPICON_NAME = AppIcon;
				ASSETCATALOG_COMPILER_GLOBAL_ACCENT_COLOR_NAME = AccentColor;
				CODE_SIGN_STYLE = Automatic;
				CURRENT_PROJECT_VERSION = 1;
				DEVELOPMENT_ASSET_PATHS = "\"CameraOCR/Preview Content\"";
				DEVELOPMENT_TEAM = Z59D7QF3XC;
				ENABLE_PREVIEWS = YES;
				GENERATE_INFOPLIST_FILE = YES;
				INFOPLIST_KEY_UIApplicationSceneManifest_Generation = YES;
				INFOPLIST_KEY_UIApplicationSupportsIndirectInputEvents = YES;
				INFOPLIST_KEY_UILaunchScreen_Generation = YES;
				INFOPLIST_KEY_UISupportedInterfaceOrientations_iPad = "UIInterfaceOrientationPortrait UIInterfaceOrientationPortraitUpsideDown UIInterfaceOrientationLandscapeLeft UIInterfaceOrientationLandscapeRight";
				INFOPLIST_KEY_UISupportedInterfaceOrientations_iPhone = "UIInterfaceOrientationPortrait UIInterfaceOrientationLandscapeLeft UIInterfaceOrientationLandscapeRight";
				LD_RUNPATH_SEARCH_PATHS = (
					"$(inherited)",
					"@executable_path/Frameworks",
				);
				MARKETING_VERSION = 1.0;
				PRODUCT_BUNDLE_IDENTIFIER = Zisis.CameraOCR;
				PRODUCT_NAME = "$(TARGET_NAME)";
				SWIFT_EMIT_LOC_STRINGS = YES;
				SWIFT_VERSION = 5.0;
				TARGETED_DEVICE_FAMILY = "1,2";
			};
			name = Release;
		};
		7D048B8F27680FB600B56C30 /* Debug */ = {
			isa = XCBuildConfiguration;
			buildSettings = {
				ALWAYS_EMBED_SWIFT_STANDARD_LIBRARIES = YES;
				BUNDLE_LOADER = "$(TEST_HOST)";
				CODE_SIGN_STYLE = Automatic;
				CURRENT_PROJECT_VERSION = 1;
				DEVELOPMENT_TEAM = Z59D7QF3XC;
				GENERATE_INFOPLIST_FILE = YES;
				IPHONEOS_DEPLOYMENT_TARGET = 15.2;
				MARKETING_VERSION = 1.0;
				PRODUCT_BUNDLE_IDENTIFIER = Zisis.CameraOCRTests;
				PRODUCT_NAME = "$(TARGET_NAME)";
				SWIFT_EMIT_LOC_STRINGS = NO;
				SWIFT_VERSION = 5.0;
				TARGETED_DEVICE_FAMILY = "1,2";
				TEST_HOST = "$(BUILT_PRODUCTS_DIR)/CameraOCR.app/CameraOCR";
			};
			name = Debug;
		};
		7D048B9027680FB600B56C30 /* Release */ = {
			isa = XCBuildConfiguration;
			buildSettings = {
				ALWAYS_EMBED_SWIFT_STANDARD_LIBRARIES = YES;
				BUNDLE_LOADER = "$(TEST_HOST)";
				CODE_SIGN_STYLE = Automatic;
				CURRENT_PROJECT_VERSION = 1;
				DEVELOPMENT_TEAM = Z59D7QF3XC;
				GENERATE_INFOPLIST_FILE = YES;
				IPHONEOS_DEPLOYMENT_TARGET = 15.2;
				MARKETING_VERSION = 1.0;
				PRODUCT_BUNDLE_IDENTIFIER = Zisis.CameraOCRTests;
				PRODUCT_NAME = "$(TARGET_NAME)";
				SWIFT_EMIT_LOC_STRINGS = NO;
				SWIFT_VERSION = 5.0;
				TARGETED_DEVICE_FAMILY = "1,2";
				TEST_HOST = "$(BUILT_PRODUCTS_DIR)/CameraOCR.app/CameraOCR";
			};
			name = Release;
		};
		7D048B9227680FB600B56C30 /* Debug */ = {
			isa = XCBuildConfiguration;
			buildSettings = {
				ALWAYS_EMBED_SWIFT_STANDARD_LIBRARIES = YES;
				CODE_SIGN_STYLE = Automatic;
				CURRENT_PROJECT_VERSION = 1;
				DEVELOPMENT_TEAM = Z59D7QF3XC;
				GENERATE_INFOPLIST_FILE = YES;
				MARKETING_VERSION = 1.0;
				PRODUCT_BUNDLE_IDENTIFIER = Zisis.CameraOCRUITests;
				PRODUCT_NAME = "$(TARGET_NAME)";
				SWIFT_EMIT_LOC_STRINGS = NO;
				SWIFT_VERSION = 5.0;
				TARGETED_DEVICE_FAMILY = "1,2";
				TEST_TARGET_NAME = CameraOCR;
			};
			name = Debug;
		};
		7D048B9327680FB600B56C30 /* Release */ = {
			isa = XCBuildConfiguration;
			buildSettings = {
				ALWAYS_EMBED_SWIFT_STANDARD_LIBRARIES = YES;
				CODE_SIGN_STYLE = Automatic;
				CURRENT_PROJECT_VERSION = 1;
				DEVELOPMENT_TEAM = Z59D7QF3XC;
				GENERATE_INFOPLIST_FILE = YES;
				MARKETING_VERSION = 1.0;
				PRODUCT_BUNDLE_IDENTIFIER = Zisis.CameraOCRUITests;
				PRODUCT_NAME = "$(TARGET_NAME)";
				SWIFT_EMIT_LOC_STRINGS = NO;
				SWIFT_VERSION = 5.0;
				TARGETED_DEVICE_FAMILY = "1,2";
				TEST_TARGET_NAME = CameraOCR;
			};
			name = Release;
		};
/* End XCBuildConfiguration section */

/* Begin XCConfigurationList section */
		7D048B6227680FB400B56C30 /* Build configuration list for PBXProject "CameraOCR" */ = {
			isa = XCConfigurationList;
			buildConfigurations = (
				7D048B8927680FB600B56C30 /* Debug */,
				7D048B8A27680FB600B56C30 /* Release */,
			);
			defaultConfigurationIsVisible = 0;
			defaultConfigurationName = Release;
		};
		7D048B8B27680FB600B56C30 /* Build configuration list for PBXNativeTarget "CameraOCR" */ = {
			isa = XCConfigurationList;
			buildConfigurations = (
				7D048B8C27680FB600B56C30 /* Debug */,
				7D048B8D27680FB600B56C30 /* Release */,
			);
			defaultConfigurationIsVisible = 0;
			defaultConfigurationName = Release;
		};
		7D048B8E27680FB600B56C30 /* Build configuration list for PBXNativeTarget "CameraOCRTests" */ = {
			isa = XCConfigurationList;
			buildConfigurations = (
				7D048B8F27680FB600B56C30 /* Debug */,
				7D048B9027680FB600B56C30 /* Release */,
			);
			defaultConfigurationIsVisible = 0;
			defaultConfigurationName = Release;
		};
		7D048B9127680FB600B56C30 /* Build configuration list for PBXNativeTarget "CameraOCRUITests" */ = {
			isa = XCConfigurationList;
			buildConfigurations = (
				7D048B9227680FB600B56C30 /* Debug */,
				7D048B9327680FB600B56C30 /* Release */,
			);
			defaultConfigurationIsVisible = 0;
			defaultConfigurationName = Release;
		};
/* End XCConfigurationList section */

/* Begin XCVersionGroup section */
		7D24664A27A48D7D004FA321 /* ToDoListItem.xcdatamodeld */ = {
			isa = XCVersionGroup;
			children = (
				7D24664B27A48D7D004FA321 /* ToDoList.xcdatamodel */,
			);
			currentVersion = 7D24664B27A48D7D004FA321 /* ToDoList.xcdatamodel */;
			path = ToDoListItem.xcdatamodeld;
			sourceTree = "<group>";
			versionGroupType = wrapper.xcdatamodel;
		};
/* End XCVersionGroup section */
	};
	rootObject = 7D048B5F27680FB400B56C30 /* Project object */;
}
